// !$*UTF8*$!
{
	archiveVersion = 1;
	classes = {
	};
	objectVersion = 46;
	objects = {

/* Begin PBXBuildFile section */
		1805EE3816A74B1206284E2D /* libPods.a in Frameworks */ = {isa = PBXBuildFile; fileRef = 2BFFFBB6B9CAE25BE1B0B673 /* libPods.a */; };
		730B0EBD1A9DDF320031D0E5 /* InstagramMediaCVC.swift in Sources */ = {isa = PBXBuildFile; fileRef = 730B0EBC1A9DDF320031D0E5 /* InstagramMediaCVC.swift */; };
		730B0EC11A9DF38B0031D0E5 /* InstagramMediaCVCommentCell.swift in Sources */ = {isa = PBXBuildFile; fileRef = 730B0EC01A9DF38B0031D0E5 /* InstagramMediaCVCommentCell.swift */; };
		7315C9541AAC8CFC00CC85CA /* InstagramMediaCVImageCell.swift in Sources */ = {isa = PBXBuildFile; fileRef = 7315C9531AAC8CFC00CC85CA /* InstagramMediaCVImageCell.swift */; };
		731A9B821A9887900038A2B7 /* LaunchScreen.xib in Resources */ = {isa = PBXBuildFile; fileRef = 731A9B811A9887900038A2B7 /* LaunchScreen.xib */; };
		732DADDD1AAB9A7300CB416F /* InstagramMediaCVDatasource.swift in Sources */ = {isa = PBXBuildFile; fileRef = 732DADDC1AAB9A7300CB416F /* InstagramMediaCVDatasource.swift */; };
		732DADDF1AAB9A7F00CB416F /* InstagramMediaCVDelegate.swift in Sources */ = {isa = PBXBuildFile; fileRef = 732DADDE1AAB9A7F00CB416F /* InstagramMediaCVDelegate.swift */; };
		732FC69E1AB0B4BF002BEF16 /* FacebookSettingsVC.swift in Sources */ = {isa = PBXBuildFile; fileRef = 732FC69D1AB0B4BF002BEF16 /* FacebookSettingsVC.swift */; };
		732FC6A01AB0CB67002BEF16 /* FacebookWebViewController.swift in Sources */ = {isa = PBXBuildFile; fileRef = 732FC69F1AB0CB67002BEF16 /* FacebookWebViewController.swift */; };
		734C3AB21AAC525500DDE623 /* InstagramMediaCVDateCell.swift in Sources */ = {isa = PBXBuildFile; fileRef = 734C3AB11AAC525500DDE623 /* InstagramMediaCVDateCell.swift */; };
		734C3AB41AAC529100DDE623 /* InstagramMediaCVLikesCell.swift in Sources */ = {isa = PBXBuildFile; fileRef = 734C3AB31AAC529100DDE623 /* InstagramMediaCVLikesCell.swift */; };
		735A70031A98EB6F00AFF9EF /* FacebookTVC.swift in Sources */ = {isa = PBXBuildFile; fileRef = 735A70021A98EB6F00AFF9EF /* FacebookTVC.swift */; };
		735A70051A98EBBE00AFF9EF /* FacebookTVDatasource.swift in Sources */ = {isa = PBXBuildFile; fileRef = 735A70041A98EBBE00AFF9EF /* FacebookTVDatasource.swift */; };
		735A70071A98EBCB00AFF9EF /* FacebookTVDelegate.swift in Sources */ = {isa = PBXBuildFile; fileRef = 735A70061A98EBCB00AFF9EF /* FacebookTVDelegate.swift */; };
		735A70091A98FA9300AFF9EF /* SwiftyJSON.swift in Sources */ = {isa = PBXBuildFile; fileRef = 735A70081A98FA9300AFF9EF /* SwiftyJSON.swift */; };
		7368F3E41AA5EB6700F90A38 /* instagramCVLoadingCell.swift in Sources */ = {isa = PBXBuildFile; fileRef = 7368F3E31AA5EB6700F90A38 /* instagramCVLoadingCell.swift */; };
		7368F3E61AA5F8F500F90A38 /* ShownClassesTVC.swift in Sources */ = {isa = PBXBuildFile; fileRef = 7368F3E51AA5F8F500F90A38 /* ShownClassesTVC.swift */; };
		736EAE0B1AA9FE6E008A932D /* FacebookSDK.framework in Frameworks */ = {isa = PBXBuildFile; fileRef = 736EAE0A1AA9FE6E008A932D /* FacebookSDK.framework */; };
		73725EEF1AA904F500F4650B /* FacebookLoadingTVCell.swift in Sources */ = {isa = PBXBuildFile; fileRef = 73725EEE1AA904F500F4650B /* FacebookLoadingTVCell.swift */; };
		7372A4701AADCD7800ED6579 /* InstagramMediaCVVideoCell.swift in Sources */ = {isa = PBXBuildFile; fileRef = 7372A46F1AADCD7800ED6579 /* InstagramMediaCVVideoCell.swift */; };
		73974B841AA654DF0087F2A5 /* Main.storyboard in Resources */ = {isa = PBXBuildFile; fileRef = 73974B831AA654DF0087F2A5 /* Main.storyboard */; };
		73CC28371A9B999F006FEA25 /* InstagramCVC.swift in Sources */ = {isa = PBXBuildFile; fileRef = 73CC28361A9B999F006FEA25 /* InstagramCVC.swift */; };
		73CC28391A9B99AE006FEA25 /* InstagramCVDatasource.swift in Sources */ = {isa = PBXBuildFile; fileRef = 73CC28381A9B99AE006FEA25 /* InstagramCVDatasource.swift */; };
		73CC283B1A9B99B9006FEA25 /* InstagramCVDelegate.swift in Sources */ = {isa = PBXBuildFile; fileRef = 73CC283A1A9B99B9006FEA25 /* InstagramCVDelegate.swift */; };
		73E471551A9BA19800FB18F4 /* InstagramCVCell.swift in Sources */ = {isa = PBXBuildFile; fileRef = 73E471541A9BA19800FB18F4 /* InstagramCVCell.swift */; };
		73E471581A9BB49300FB18F4 /* InstagramLoginWebViewController.swift in Sources */ = {isa = PBXBuildFile; fileRef = 73E471571A9BB49300FB18F4 /* InstagramLoginWebViewController.swift */; };
		73EF0DFF1AA9C17F0014E02A /* FacebookPostTVCell.swift in Sources */ = {isa = PBXBuildFile; fileRef = 73EF0DFE1AA9C17F0014E02A /* FacebookPostTVCell.swift */; };
		73F40D751A987F490058B24D /* AppDelegate.swift in Sources */ = {isa = PBXBuildFile; fileRef = 73F40D741A987F490058B24D /* AppDelegate.swift */; };
		73F40D7C1A987F490058B24D /* Images.xcassets in Resources */ = {isa = PBXBuildFile; fileRef = 73F40D7B1A987F490058B24D /* Images.xcassets */; };
		73F40D8B1A987F4A0058B24D /* Mjo_lnirTests.swift in Sources */ = {isa = PBXBuildFile; fileRef = 73F40D8A1A987F4A0058B24D /* Mjo_lnirTests.swift */; };
		73F40DA21A987FC20058B24D /* TimetableClassesTVC.swift in Sources */ = {isa = PBXBuildFile; fileRef = 73F40D941A987FC20058B24D /* TimetableClassesTVC.swift */; };
		73F40DA31A987FC20058B24D /* TimetableClassesDatasource.swift in Sources */ = {isa = PBXBuildFile; fileRef = 73F40D951A987FC20058B24D /* TimetableClassesDatasource.swift */; };
		73F40DA41A987FC20058B24D /* TimetableClassesDelegate.swift in Sources */ = {isa = PBXBuildFile; fileRef = 73F40D961A987FC20058B24D /* TimetableClassesDelegate.swift */; };
		73F40DA51A987FC20058B24D /* TimetableDataModel.swift in Sources */ = {isa = PBXBuildFile; fileRef = 73F40D971A987FC20058B24D /* TimetableDataModel.swift */; };
		73F40DA61A987FC20058B24D /* MainCVC.swift in Sources */ = {isa = PBXBuildFile; fileRef = 73F40D981A987FC20058B24D /* MainCVC.swift */; };
		73F40DA71A987FC20058B24D /* MainCVCDatasource.swift in Sources */ = {isa = PBXBuildFile; fileRef = 73F40D991A987FC20058B24D /* MainCVCDatasource.swift */; };
		73F40DA81A987FC20058B24D /* MainCVCDelegate.swift in Sources */ = {isa = PBXBuildFile; fileRef = 73F40D9A1A987FC20058B24D /* MainCVCDelegate.swift */; };
		73F40DA91A987FC20058B24D /* MainCVCell.swift in Sources */ = {isa = PBXBuildFile; fileRef = 73F40D9B1A987FC20058B24D /* MainCVCell.swift */; };
		73F40DAA1A987FC20058B24D /* MainCVSectionHeader.swift in Sources */ = {isa = PBXBuildFile; fileRef = 73F40D9C1A987FC20058B24D /* MainCVSectionHeader.swift */; };
		73F40DAB1A987FC20058B24D /* RSSTableViewController.swift in Sources */ = {isa = PBXBuildFile; fileRef = 73F40D9D1A987FC20058B24D /* RSSTableViewController.swift */; };
		73F40DAC1A987FC20058B24D /* RSSTableViewDataSource.swift in Sources */ = {isa = PBXBuildFile; fileRef = 73F40D9E1A987FC20058B24D /* RSSTableViewDataSource.swift */; };
		73F40DAD1A987FC20058B24D /* RSSTableViewDelegate.swift in Sources */ = {isa = PBXBuildFile; fileRef = 73F40D9F1A987FC20058B24D /* RSSTableViewDelegate.swift */; };
		73F40DAE1A987FC20058B24D /* RSSTableViewCell.swift in Sources */ = {isa = PBXBuildFile; fileRef = 73F40DA01A987FC20058B24D /* RSSTableViewCell.swift */; };
		73F40DAF1A987FC20058B24D /* RSSWebViewController.swift in Sources */ = {isa = PBXBuildFile; fileRef = 73F40DA11A987FC20058B24D /* RSSWebViewController.swift */; };
/* End PBXBuildFile section */

/* Begin PBXContainerItemProxy section */
		73F40D851A987F4A0058B24D /* PBXContainerItemProxy */ = {
			isa = PBXContainerItemProxy;
			containerPortal = 73F40D671A987F490058B24D /* Project object */;
			proxyType = 1;
			remoteGlobalIDString = 73F40D6E1A987F490058B24D;
			remoteInfo = "Mjölnir";
		};
/* End PBXContainerItemProxy section */

/* Begin PBXFileReference section */
		0A7CDE2A38BDB72E57BC5E3B /* Pods.debug.xcconfig */ = {isa = PBXFileReference; includeInIndex = 1; lastKnownFileType = text.xcconfig; name = Pods.debug.xcconfig; path = "Pods/Target Support Files/Pods/Pods.debug.xcconfig"; sourceTree = "<group>"; };
		2BFFFBB6B9CAE25BE1B0B673 /* libPods.a */ = {isa = PBXFileReference; explicitFileType = archive.ar; includeInIndex = 0; path = libPods.a; sourceTree = BUILT_PRODUCTS_DIR; };
		393DC75BB7D59FBBE5898D25 /* Pods.release.xcconfig */ = {isa = PBXFileReference; includeInIndex = 1; lastKnownFileType = text.xcconfig; name = Pods.release.xcconfig; path = "Pods/Target Support Files/Pods/Pods.release.xcconfig"; sourceTree = "<group>"; };
		730B0EBC1A9DDF320031D0E5 /* InstagramMediaCVC.swift */ = {isa = PBXFileReference; fileEncoding = 4; lastKnownFileType = sourcecode.swift; path = InstagramMediaCVC.swift; sourceTree = "<group>"; };
		730B0EC01A9DF38B0031D0E5 /* InstagramMediaCVCommentCell.swift */ = {isa = PBXFileReference; fileEncoding = 4; lastKnownFileType = sourcecode.swift; path = InstagramMediaCVCommentCell.swift; sourceTree = "<group>"; };
		7315C9531AAC8CFC00CC85CA /* InstagramMediaCVImageCell.swift */ = {isa = PBXFileReference; fileEncoding = 4; lastKnownFileType = sourcecode.swift; path = InstagramMediaCVImageCell.swift; sourceTree = "<group>"; };
		731A9B811A9887900038A2B7 /* LaunchScreen.xib */ = {isa = PBXFileReference; fileEncoding = 4; lastKnownFileType = file.xib; path = LaunchScreen.xib; sourceTree = "<group>"; };
		732DADDC1AAB9A7300CB416F /* InstagramMediaCVDatasource.swift */ = {isa = PBXFileReference; fileEncoding = 4; lastKnownFileType = sourcecode.swift; path = InstagramMediaCVDatasource.swift; sourceTree = "<group>"; };
		732DADDE1AAB9A7F00CB416F /* InstagramMediaCVDelegate.swift */ = {isa = PBXFileReference; fileEncoding = 4; lastKnownFileType = sourcecode.swift; path = InstagramMediaCVDelegate.swift; sourceTree = "<group>"; };
		732FC69D1AB0B4BF002BEF16 /* FacebookSettingsVC.swift */ = {isa = PBXFileReference; fileEncoding = 4; lastKnownFileType = sourcecode.swift; path = FacebookSettingsVC.swift; sourceTree = "<group>"; };
		732FC69F1AB0CB67002BEF16 /* FacebookWebViewController.swift */ = {isa = PBXFileReference; fileEncoding = 4; lastKnownFileType = sourcecode.swift; path = FacebookWebViewController.swift; sourceTree = "<group>"; };
		734C3AB11AAC525500DDE623 /* InstagramMediaCVDateCell.swift */ = {isa = PBXFileReference; fileEncoding = 4; lastKnownFileType = sourcecode.swift; path = InstagramMediaCVDateCell.swift; sourceTree = "<group>"; };
		734C3AB31AAC529100DDE623 /* InstagramMediaCVLikesCell.swift */ = {isa = PBXFileReference; fileEncoding = 4; lastKnownFileType = sourcecode.swift; path = InstagramMediaCVLikesCell.swift; sourceTree = "<group>"; };
		735A70021A98EB6F00AFF9EF /* FacebookTVC.swift */ = {isa = PBXFileReference; fileEncoding = 4; lastKnownFileType = sourcecode.swift; path = FacebookTVC.swift; sourceTree = "<group>"; };
		735A70041A98EBBE00AFF9EF /* FacebookTVDatasource.swift */ = {isa = PBXFileReference; fileEncoding = 4; lastKnownFileType = sourcecode.swift; path = FacebookTVDatasource.swift; sourceTree = "<group>"; };
		735A70061A98EBCB00AFF9EF /* FacebookTVDelegate.swift */ = {isa = PBXFileReference; fileEncoding = 4; lastKnownFileType = sourcecode.swift; path = FacebookTVDelegate.swift; sourceTree = "<group>"; };
		735A70081A98FA9300AFF9EF /* SwiftyJSON.swift */ = {isa = PBXFileReference; fileEncoding = 4; lastKnownFileType = sourcecode.swift; path = SwiftyJSON.swift; sourceTree = "<group>"; };
		7368F3E31AA5EB6700F90A38 /* instagramCVLoadingCell.swift */ = {isa = PBXFileReference; fileEncoding = 4; lastKnownFileType = sourcecode.swift; path = instagramCVLoadingCell.swift; sourceTree = "<group>"; };
		7368F3E51AA5F8F500F90A38 /* ShownClassesTVC.swift */ = {isa = PBXFileReference; fileEncoding = 4; lastKnownFileType = sourcecode.swift; path = ShownClassesTVC.swift; sourceTree = "<group>"; };
		736EAE0A1AA9FE6E008A932D /* FacebookSDK.framework */ = {isa = PBXFileReference; lastKnownFileType = wrapper.framework; path = FacebookSDK.framework; sourceTree = "<group>"; };
		73725EEE1AA904F500F4650B /* FacebookLoadingTVCell.swift */ = {isa = PBXFileReference; fileEncoding = 4; lastKnownFileType = sourcecode.swift; path = FacebookLoadingTVCell.swift; sourceTree = "<group>"; };
		7372A46F1AADCD7800ED6579 /* InstagramMediaCVVideoCell.swift */ = {isa = PBXFileReference; fileEncoding = 4; lastKnownFileType = sourcecode.swift; path = InstagramMediaCVVideoCell.swift; sourceTree = "<group>"; };
		73974B831AA654DF0087F2A5 /* Main.storyboard */ = {isa = PBXFileReference; fileEncoding = 4; lastKnownFileType = file.storyboard; path = Main.storyboard; sourceTree = "<group>"; };
		73CC28361A9B999F006FEA25 /* InstagramCVC.swift */ = {isa = PBXFileReference; fileEncoding = 4; lastKnownFileType = sourcecode.swift; path = InstagramCVC.swift; sourceTree = "<group>"; };
		73CC28381A9B99AE006FEA25 /* InstagramCVDatasource.swift */ = {isa = PBXFileReference; fileEncoding = 4; lastKnownFileType = sourcecode.swift; path = InstagramCVDatasource.swift; sourceTree = "<group>"; };
		73CC283A1A9B99B9006FEA25 /* InstagramCVDelegate.swift */ = {isa = PBXFileReference; fileEncoding = 4; lastKnownFileType = sourcecode.swift; path = InstagramCVDelegate.swift; sourceTree = "<group>"; };
		73E471541A9BA19800FB18F4 /* InstagramCVCell.swift */ = {isa = PBXFileReference; fileEncoding = 4; lastKnownFileType = sourcecode.swift; path = InstagramCVCell.swift; sourceTree = "<group>"; };
		73E471571A9BB49300FB18F4 /* InstagramLoginWebViewController.swift */ = {isa = PBXFileReference; fileEncoding = 4; lastKnownFileType = sourcecode.swift; path = InstagramLoginWebViewController.swift; sourceTree = "<group>"; };
		73EF0DFE1AA9C17F0014E02A /* FacebookPostTVCell.swift */ = {isa = PBXFileReference; fileEncoding = 4; lastKnownFileType = sourcecode.swift; path = FacebookPostTVCell.swift; sourceTree = "<group>"; };
		73F40D6F1A987F490058B24D /* Mjölnir.app */ = {isa = PBXFileReference; explicitFileType = wrapper.application; includeInIndex = 0; path = "Mjölnir.app"; sourceTree = BUILT_PRODUCTS_DIR; };
		73F40D731A987F490058B24D /* Info.plist */ = {isa = PBXFileReference; lastKnownFileType = text.plist.xml; path = Info.plist; sourceTree = "<group>"; };
		73F40D741A987F490058B24D /* AppDelegate.swift */ = {isa = PBXFileReference; lastKnownFileType = sourcecode.swift; path = AppDelegate.swift; sourceTree = "<group>"; };
		73F40D7B1A987F490058B24D /* Images.xcassets */ = {isa = PBXFileReference; lastKnownFileType = folder.assetcatalog; path = Images.xcassets; sourceTree = "<group>"; };
		73F40D841A987F4A0058B24D /* MjölnirTests.xctest */ = {isa = PBXFileReference; explicitFileType = wrapper.cfbundle; includeInIndex = 0; path = "MjölnirTests.xctest"; sourceTree = BUILT_PRODUCTS_DIR; };
		73F40D891A987F4A0058B24D /* Info.plist */ = {isa = PBXFileReference; lastKnownFileType = text.plist.xml; path = Info.plist; sourceTree = "<group>"; };
		73F40D8A1A987F4A0058B24D /* Mjo_lnirTests.swift */ = {isa = PBXFileReference; lastKnownFileType = sourcecode.swift; path = Mjo_lnirTests.swift; sourceTree = "<group>"; };
		73F40D941A987FC20058B24D /* TimetableClassesTVC.swift */ = {isa = PBXFileReference; fileEncoding = 4; lastKnownFileType = sourcecode.swift; path = TimetableClassesTVC.swift; sourceTree = "<group>"; };
		73F40D951A987FC20058B24D /* TimetableClassesDatasource.swift */ = {isa = PBXFileReference; fileEncoding = 4; lastKnownFileType = sourcecode.swift; path = TimetableClassesDatasource.swift; sourceTree = "<group>"; };
		73F40D961A987FC20058B24D /* TimetableClassesDelegate.swift */ = {isa = PBXFileReference; fileEncoding = 4; lastKnownFileType = sourcecode.swift; path = TimetableClassesDelegate.swift; sourceTree = "<group>"; };
		73F40D971A987FC20058B24D /* TimetableDataModel.swift */ = {isa = PBXFileReference; fileEncoding = 4; lastKnownFileType = sourcecode.swift; path = TimetableDataModel.swift; sourceTree = "<group>"; };
		73F40D981A987FC20058B24D /* MainCVC.swift */ = {isa = PBXFileReference; fileEncoding = 4; lastKnownFileType = sourcecode.swift; path = MainCVC.swift; sourceTree = "<group>"; };
		73F40D991A987FC20058B24D /* MainCVCDatasource.swift */ = {isa = PBXFileReference; fileEncoding = 4; lastKnownFileType = sourcecode.swift; path = MainCVCDatasource.swift; sourceTree = "<group>"; };
		73F40D9A1A987FC20058B24D /* MainCVCDelegate.swift */ = {isa = PBXFileReference; fileEncoding = 4; lastKnownFileType = sourcecode.swift; path = MainCVCDelegate.swift; sourceTree = "<group>"; };
		73F40D9B1A987FC20058B24D /* MainCVCell.swift */ = {isa = PBXFileReference; fileEncoding = 4; lastKnownFileType = sourcecode.swift; path = MainCVCell.swift; sourceTree = "<group>"; };
		73F40D9C1A987FC20058B24D /* MainCVSectionHeader.swift */ = {isa = PBXFileReference; fileEncoding = 4; lastKnownFileType = sourcecode.swift; path = MainCVSectionHeader.swift; sourceTree = "<group>"; };
		73F40D9D1A987FC20058B24D /* RSSTableViewController.swift */ = {isa = PBXFileReference; fileEncoding = 4; lastKnownFileType = sourcecode.swift; path = RSSTableViewController.swift; sourceTree = "<group>"; };
		73F40D9E1A987FC20058B24D /* RSSTableViewDataSource.swift */ = {isa = PBXFileReference; fileEncoding = 4; lastKnownFileType = sourcecode.swift; path = RSSTableViewDataSource.swift; sourceTree = "<group>"; };
		73F40D9F1A987FC20058B24D /* RSSTableViewDelegate.swift */ = {isa = PBXFileReference; fileEncoding = 4; lastKnownFileType = sourcecode.swift; path = RSSTableViewDelegate.swift; sourceTree = "<group>"; };
		73F40DA01A987FC20058B24D /* RSSTableViewCell.swift */ = {isa = PBXFileReference; fileEncoding = 4; lastKnownFileType = sourcecode.swift; path = RSSTableViewCell.swift; sourceTree = "<group>"; };
		73F40DA11A987FC20058B24D /* RSSWebViewController.swift */ = {isa = PBXFileReference; fileEncoding = 4; lastKnownFileType = sourcecode.swift; path = RSSWebViewController.swift; sourceTree = "<group>"; };
		73F40DC21A9883C20058B24D /* Mjolnir-bridging-header.h */ = {isa = PBXFileReference; lastKnownFileType = sourcecode.c.h; path = "Mjolnir-bridging-header.h"; sourceTree = "<group>"; };
/* End PBXFileReference section */

/* Begin PBXFrameworksBuildPhase section */
		73F40D6C1A987F490058B24D /* Frameworks */ = {
			isa = PBXFrameworksBuildPhase;
			buildActionMask = 2147483647;
			files = (
				1805EE3816A74B1206284E2D /* libPods.a in Frameworks */,
				736EAE0B1AA9FE6E008A932D /* FacebookSDK.framework in Frameworks */,
			);
			runOnlyForDeploymentPostprocessing = 0;
		};
		73F40D811A987F4A0058B24D /* Frameworks */ = {
			isa = PBXFrameworksBuildPhase;
			buildActionMask = 2147483647;
			files = (
			);
			runOnlyForDeploymentPostprocessing = 0;
		};
/* End PBXFrameworksBuildPhase section */

/* Begin PBXGroup section */
		73A30AE31AA373AB002B8F26 /* Media */ = {
			isa = PBXGroup;
			children = (
				730B0EBC1A9DDF320031D0E5 /* InstagramMediaCVC.swift */,
				732DADDC1AAB9A7300CB416F /* InstagramMediaCVDatasource.swift */,
				732DADDE1AAB9A7F00CB416F /* InstagramMediaCVDelegate.swift */,
				734C3AB11AAC525500DDE623 /* InstagramMediaCVDateCell.swift */,
				7315C9531AAC8CFC00CC85CA /* InstagramMediaCVImageCell.swift */,
				7372A46F1AADCD7800ED6579 /* InstagramMediaCVVideoCell.swift */,
				734C3AB31AAC529100DDE623 /* InstagramMediaCVLikesCell.swift */,
				730B0EC01A9DF38B0031D0E5 /* InstagramMediaCVCommentCell.swift */,
			);
			name = Media;
			sourceTree = "<group>";
		};
		73CC28351A9B993B006FEA25 /* Facebook */ = {
			isa = PBXGroup;
			children = (
				735A70021A98EB6F00AFF9EF /* FacebookTVC.swift */,
				735A70041A98EBBE00AFF9EF /* FacebookTVDatasource.swift */,
				735A70061A98EBCB00AFF9EF /* FacebookTVDelegate.swift */,
				73725EEE1AA904F500F4650B /* FacebookLoadingTVCell.swift */,
				73EF0DFE1AA9C17F0014E02A /* FacebookPostTVCell.swift */,
				732FC69D1AB0B4BF002BEF16 /* FacebookSettingsVC.swift */,
				732FC69F1AB0CB67002BEF16 /* FacebookWebViewController.swift */,
				735A70081A98FA9300AFF9EF /* SwiftyJSON.swift */,
			);
			name = Facebook;
			sourceTree = "<group>";
		};
		73EF5BFD1A9CD9A800295C4C /* Instagram */ = {
			isa = PBXGroup;
			children = (
				73CC28361A9B999F006FEA25 /* InstagramCVC.swift */,
				73CC28381A9B99AE006FEA25 /* InstagramCVDatasource.swift */,
				73CC283A1A9B99B9006FEA25 /* InstagramCVDelegate.swift */,
				73E471541A9BA19800FB18F4 /* InstagramCVCell.swift */,
				7368F3E31AA5EB6700F90A38 /* instagramCVLoadingCell.swift */,
				73E471571A9BB49300FB18F4 /* InstagramLoginWebViewController.swift */,
				73A30AE31AA373AB002B8F26 /* Media */,
			);
			name = Instagram;
			sourceTree = "<group>";
		};
		73F40D661A987F490058B24D = {
			isa = PBXGroup;
			children = (
				73F40D711A987F490058B24D /* Mjölnir */,
				73F40D871A987F4A0058B24D /* MjölnirTests */,
				73F40D701A987F490058B24D /* Products */,
				967C104D5235D606E68266A1 /* Pods */,
				A855A60E15958975E803D5CA /* Frameworks */,
			);
			sourceTree = "<group>";
		};
		73F40D701A987F490058B24D /* Products */ = {
			isa = PBXGroup;
			children = (
				73F40D6F1A987F490058B24D /* Mjölnir.app */,
				73F40D841A987F4A0058B24D /* MjölnirTests.xctest */,
			);
			name = Products;
			sourceTree = "<group>";
		};
		73F40D711A987F490058B24D /* Mjölnir */ = {
			isa = PBXGroup;
			children = (
				73974B831AA654DF0087F2A5 /* Main.storyboard */,
				73EF5BFD1A9CD9A800295C4C /* Instagram */,
				73CC28351A9B993B006FEA25 /* Facebook */,
				73F40DB31A987FEA0058B24D /* RSS feed */,
				73F40DB11A987FD40058B24D /* Timetable */,
				73F40D721A987F490058B24D /* Supporting Files */,
			);
			path = "Mjölnir";
			sourceTree = "<group>";
		};
		73F40D721A987F490058B24D /* Supporting Files */ = {
			isa = PBXGroup;
			children = (
				73F40D741A987F490058B24D /* AppDelegate.swift */,
				73F40D7B1A987F490058B24D /* Images.xcassets */,
				73F40DC21A9883C20058B24D /* Mjolnir-bridging-header.h */,
				731A9B811A9887900038A2B7 /* LaunchScreen.xib */,
				73F40D731A987F490058B24D /* Info.plist */,
			);
			name = "Supporting Files";
			sourceTree = "<group>";
		};
		73F40D871A987F4A0058B24D /* MjölnirTests */ = {
			isa = PBXGroup;
			children = (
				73F40D8A1A987F4A0058B24D /* Mjo_lnirTests.swift */,
				73F40D881A987F4A0058B24D /* Supporting Files */,
			);
			path = "MjölnirTests";
			sourceTree = "<group>";
		};
		73F40D881A987F4A0058B24D /* Supporting Files */ = {
			isa = PBXGroup;
			children = (
				73F40D891A987F4A0058B24D /* Info.plist */,
			);
			name = "Supporting Files";
			sourceTree = "<group>";
		};
		73F40DB11A987FD40058B24D /* Timetable */ = {
			isa = PBXGroup;
			children = (
				73F40DB21A987FDB0058B24D /* Main screen */,
				73F40D941A987FC20058B24D /* TimetableClassesTVC.swift */,
				73F40D951A987FC20058B24D /* TimetableClassesDatasource.swift */,
				73F40D961A987FC20058B24D /* TimetableClassesDelegate.swift */,
				73F40D971A987FC20058B24D /* TimetableDataModel.swift */,
				7368F3E51AA5F8F500F90A38 /* ShownClassesTVC.swift */,
			);
			name = Timetable;
			sourceTree = "<group>";
		};
		73F40DB21A987FDB0058B24D /* Main screen */ = {
			isa = PBXGroup;
			children = (
				73F40D981A987FC20058B24D /* MainCVC.swift */,
				73F40D991A987FC20058B24D /* MainCVCDatasource.swift */,
				73F40D9A1A987FC20058B24D /* MainCVCDelegate.swift */,
				73F40D9B1A987FC20058B24D /* MainCVCell.swift */,
				73F40D9C1A987FC20058B24D /* MainCVSectionHeader.swift */,
			);
			name = "Main screen";
			sourceTree = "<group>";
		};
		73F40DB31A987FEA0058B24D /* RSS feed */ = {
			isa = PBXGroup;
			children = (
				73F40D9D1A987FC20058B24D /* RSSTableViewController.swift */,
				73F40D9E1A987FC20058B24D /* RSSTableViewDataSource.swift */,
				73F40D9F1A987FC20058B24D /* RSSTableViewDelegate.swift */,
				73F40DA01A987FC20058B24D /* RSSTableViewCell.swift */,
				73F40DA11A987FC20058B24D /* RSSWebViewController.swift */,
			);
			name = "RSS feed";
			sourceTree = "<group>";
		};
		967C104D5235D606E68266A1 /* Pods */ = {
			isa = PBXGroup;
			children = (
				0A7CDE2A38BDB72E57BC5E3B /* Pods.debug.xcconfig */,
				393DC75BB7D59FBBE5898D25 /* Pods.release.xcconfig */,
			);
			name = Pods;
			sourceTree = "<group>";
		};
		A855A60E15958975E803D5CA /* Frameworks */ = {
			isa = PBXGroup;
			children = (
				736EAE0A1AA9FE6E008A932D /* FacebookSDK.framework */,
				2BFFFBB6B9CAE25BE1B0B673 /* libPods.a */,
			);
			name = Frameworks;
			sourceTree = "<group>";
		};
/* End PBXGroup section */

/* Begin PBXNativeTarget section */
		73F40D6E1A987F490058B24D /* Mjölnir */ = {
			isa = PBXNativeTarget;
			buildConfigurationList = 73F40D8E1A987F4A0058B24D /* Build configuration list for PBXNativeTarget "Mjölnir" */;
			buildPhases = (
				EF292CD7432F2CBEF385C68F /* Check Pods Manifest.lock */,
				73F40D6B1A987F490058B24D /* Sources */,
				73F40D6C1A987F490058B24D /* Frameworks */,
				73F40D6D1A987F490058B24D /* Resources */,
				147993FE1F2B6D6CF80B62E0 /* Copy Pods Resources */,
			);
			buildRules = (
			);
			dependencies = (
			);
			name = "Mjölnir";
			productName = "Mjölnir";
			productReference = 73F40D6F1A987F490058B24D /* Mjölnir.app */;
			productType = "com.apple.product-type.application";
		};
		73F40D831A987F4A0058B24D /* MjölnirTests */ = {
			isa = PBXNativeTarget;
			buildConfigurationList = 73F40D911A987F4A0058B24D /* Build configuration list for PBXNativeTarget "MjölnirTests" */;
			buildPhases = (
				73F40D801A987F4A0058B24D /* Sources */,
				73F40D811A987F4A0058B24D /* Frameworks */,
				73F40D821A987F4A0058B24D /* Resources */,
			);
			buildRules = (
			);
			dependencies = (
				73F40D861A987F4A0058B24D /* PBXTargetDependency */,
			);
			name = "MjölnirTests";
			productName = "MjölnirTests";
			productReference = 73F40D841A987F4A0058B24D /* MjölnirTests.xctest */;
			productType = "com.apple.product-type.bundle.unit-test";
		};
/* End PBXNativeTarget section */

/* Begin PBXProject section */
		73F40D671A987F490058B24D /* Project object */ = {
			isa = PBXProject;
			attributes = {
				LastUpgradeCheck = 0610;
				ORGANIZATIONNAME = "Stefán Geir Sigfússon";
				TargetAttributes = {
					73F40D6E1A987F490058B24D = {
						CreatedOnToolsVersion = 6.1.1;
					};
					73F40D831A987F4A0058B24D = {
						CreatedOnToolsVersion = 6.1.1;
						TestTargetID = 73F40D6E1A987F490058B24D;
					};
				};
			};
			buildConfigurationList = 73F40D6A1A987F490058B24D /* Build configuration list for PBXProject "Mjölnir" */;
			compatibilityVersion = "Xcode 3.2";
			developmentRegion = English;
			hasScannedForEncodings = 0;
			knownRegions = (
				en,
				Base,
				he,
			);
			mainGroup = 73F40D661A987F490058B24D;
			productRefGroup = 73F40D701A987F490058B24D /* Products */;
			projectDirPath = "";
			projectRoot = "";
			targets = (
				73F40D6E1A987F490058B24D /* Mjölnir */,
				73F40D831A987F4A0058B24D /* MjölnirTests */,
			);
		};
/* End PBXProject section */

/* Begin PBXResourcesBuildPhase section */
		73F40D6D1A987F490058B24D /* Resources */ = {
			isa = PBXResourcesBuildPhase;
			buildActionMask = 2147483647;
			files = (
				731A9B821A9887900038A2B7 /* LaunchScreen.xib in Resources */,
				73F40D7C1A987F490058B24D /* Images.xcassets in Resources */,
				73974B841AA654DF0087F2A5 /* Main.storyboard in Resources */,
			);
			runOnlyForDeploymentPostprocessing = 0;
		};
		73F40D821A987F4A0058B24D /* Resources */ = {
			isa = PBXResourcesBuildPhase;
			buildActionMask = 2147483647;
			files = (
			);
			runOnlyForDeploymentPostprocessing = 0;
		};
/* End PBXResourcesBuildPhase section */

/* Begin PBXShellScriptBuildPhase section */
		147993FE1F2B6D6CF80B62E0 /* Copy Pods Resources */ = {
			isa = PBXShellScriptBuildPhase;
			buildActionMask = 2147483647;
			files = (
			);
			inputPaths = (
			);
			name = "Copy Pods Resources";
			outputPaths = (
			);
			runOnlyForDeploymentPostprocessing = 0;
			shellPath = /bin/sh;
			shellScript = "\"${SRCROOT}/Pods/Target Support Files/Pods/Pods-resources.sh\"\n";
			showEnvVarsInLog = 0;
		};
		EF292CD7432F2CBEF385C68F /* Check Pods Manifest.lock */ = {
			isa = PBXShellScriptBuildPhase;
			buildActionMask = 2147483647;
			files = (
			);
			inputPaths = (
			);
			name = "Check Pods Manifest.lock";
			outputPaths = (
			);
			runOnlyForDeploymentPostprocessing = 0;
			shellPath = /bin/sh;
			shellScript = "diff \"${PODS_ROOT}/../Podfile.lock\" \"${PODS_ROOT}/Manifest.lock\" > /dev/null\nif [[ $? != 0 ]] ; then\n    cat << EOM\nerror: The sandbox is not in sync with the Podfile.lock. Run 'pod install' or update your CocoaPods installation.\nEOM\n    exit 1\nfi\n";
			showEnvVarsInLog = 0;
		};
/* End PBXShellScriptBuildPhase section */

/* Begin PBXSourcesBuildPhase section */
		73F40D6B1A987F490058B24D /* Sources */ = {
			isa = PBXSourcesBuildPhase;
			buildActionMask = 2147483647;
			files = (
				7372A4701AADCD7800ED6579 /* InstagramMediaCVVideoCell.swift in Sources */,
				730B0EC11A9DF38B0031D0E5 /* InstagramMediaCVCommentCell.swift in Sources */,
				73725EEF1AA904F500F4650B /* FacebookLoadingTVCell.swift in Sources */,
				73E471551A9BA19800FB18F4 /* InstagramCVCell.swift in Sources */,
				732FC6A01AB0CB67002BEF16 /* FacebookWebViewController.swift in Sources */,
				73CC283B1A9B99B9006FEA25 /* InstagramCVDelegate.swift in Sources */,
				73F40DA71A987FC20058B24D /* MainCVCDatasource.swift in Sources */,
				734C3AB41AAC529100DDE623 /* InstagramMediaCVLikesCell.swift in Sources */,
				73F40DA31A987FC20058B24D /* TimetableClassesDatasource.swift in Sources */,
				735A70051A98EBBE00AFF9EF /* FacebookTVDatasource.swift in Sources */,
				73E471581A9BB49300FB18F4 /* InstagramLoginWebViewController.swift in Sources */,
				73F40DAE1A987FC20058B24D /* RSSTableViewCell.swift in Sources */,
				735A70031A98EB6F00AFF9EF /* FacebookTVC.swift in Sources */,
				73F40DAD1A987FC20058B24D /* RSSTableViewDelegate.swift in Sources */,
				73F40DA61A987FC20058B24D /* MainCVC.swift in Sources */,
				735A70091A98FA9300AFF9EF /* SwiftyJSON.swift in Sources */,
				7315C9541AAC8CFC00CC85CA /* InstagramMediaCVImageCell.swift in Sources */,
				730B0EBD1A9DDF320031D0E5 /* InstagramMediaCVC.swift in Sources */,
				73CC28391A9B99AE006FEA25 /* InstagramCVDatasource.swift in Sources */,
				73F40DAB1A987FC20058B24D /* RSSTableViewController.swift in Sources */,
				7368F3E41AA5EB6700F90A38 /* instagramCVLoadingCell.swift in Sources */,
				73F40DA51A987FC20058B24D /* TimetableDataModel.swift in Sources */,
				73F40DAA1A987FC20058B24D /* MainCVSectionHeader.swift in Sources */,
				732DADDF1AAB9A7F00CB416F /* InstagramMediaCVDelegate.swift in Sources */,
				735A70071A98EBCB00AFF9EF /* FacebookTVDelegate.swift in Sources */,
				73F40DA81A987FC20058B24D /* MainCVCDelegate.swift in Sources */,
				73F40DA41A987FC20058B24D /* TimetableClassesDelegate.swift in Sources */,
				73F40DA21A987FC20058B24D /* TimetableClassesTVC.swift in Sources */,
				7368F3E61AA5F8F500F90A38 /* ShownClassesTVC.swift in Sources */,
				73F40DAC1A987FC20058B24D /* RSSTableViewDataSource.swift in Sources */,
				732FC69E1AB0B4BF002BEF16 /* FacebookSettingsVC.swift in Sources */,
				73F40D751A987F490058B24D /* AppDelegate.swift in Sources */,
				732DADDD1AAB9A7300CB416F /* InstagramMediaCVDatasource.swift in Sources */,
				73F40DAF1A987FC20058B24D /* RSSWebViewController.swift in Sources */,
				73F40DA91A987FC20058B24D /* MainCVCell.swift in Sources */,
				73CC28371A9B999F006FEA25 /* InstagramCVC.swift in Sources */,
				734C3AB21AAC525500DDE623 /* InstagramMediaCVDateCell.swift in Sources */,
				73EF0DFF1AA9C17F0014E02A /* FacebookPostTVCell.swift in Sources */,
			);
			runOnlyForDeploymentPostprocessing = 0;
		};
		73F40D801A987F4A0058B24D /* Sources */ = {
			isa = PBXSourcesBuildPhase;
			buildActionMask = 2147483647;
			files = (
				73F40D8B1A987F4A0058B24D /* Mjo_lnirTests.swift in Sources */,
			);
			runOnlyForDeploymentPostprocessing = 0;
		};
/* End PBXSourcesBuildPhase section */

/* Begin PBXTargetDependency section */
		73F40D861A987F4A0058B24D /* PBXTargetDependency */ = {
			isa = PBXTargetDependency;
			target = 73F40D6E1A987F490058B24D /* Mjölnir */;
			targetProxy = 73F40D851A987F4A0058B24D /* PBXContainerItemProxy */;
		};
/* End PBXTargetDependency section */

/* Begin XCBuildConfiguration section */
		73F40D8C1A987F4A0058B24D /* Debug */ = {
			isa = XCBuildConfiguration;
			buildSettings = {
				ALWAYS_SEARCH_USER_PATHS = NO;
				CLANG_CXX_LANGUAGE_STANDARD = "gnu++0x";
				CLANG_CXX_LIBRARY = "libc++";
				CLANG_ENABLE_MODULES = YES;
				CLANG_ENABLE_OBJC_ARC = YES;
				CLANG_WARN_BOOL_CONVERSION = YES;
				CLANG_WARN_CONSTANT_CONVERSION = YES;
				CLANG_WARN_DIRECT_OBJC_ISA_USAGE = YES_ERROR;
				CLANG_WARN_EMPTY_BODY = YES;
				CLANG_WARN_ENUM_CONVERSION = YES;
				CLANG_WARN_INT_CONVERSION = YES;
				CLANG_WARN_OBJC_ROOT_CLASS = YES_ERROR;
				CLANG_WARN_UNREACHABLE_CODE = YES;
				CLANG_WARN__DUPLICATE_METHOD_MATCH = YES;
				"CODE_SIGN_IDENTITY[sdk=iphoneos*]" = "iPhone Developer";
				COPY_PHASE_STRIP = NO;
				ENABLE_STRICT_OBJC_MSGSEND = YES;
				GCC_C_LANGUAGE_STANDARD = gnu99;
				GCC_DYNAMIC_NO_PIC = NO;
				GCC_OPTIMIZATION_LEVEL = 0;
				GCC_PREPROCESSOR_DEFINITIONS = (
					"DEBUG=1",
					"$(inherited)",
				);
				GCC_SYMBOLS_PRIVATE_EXTERN = NO;
				GCC_WARN_64_TO_32_BIT_CONVERSION = YES;
				GCC_WARN_ABOUT_RETURN_TYPE = YES_ERROR;
				GCC_WARN_UNDECLARED_SELECTOR = YES;
				GCC_WARN_UNINITIALIZED_AUTOS = YES_AGGRESSIVE;
				GCC_WARN_UNUSED_FUNCTION = YES;
				GCC_WARN_UNUSED_VARIABLE = YES;
				IPHONEOS_DEPLOYMENT_TARGET = 8.1;
				MTL_ENABLE_DEBUG_INFO = YES;
				ONLY_ACTIVE_ARCH = YES;
				SDKROOT = iphoneos;
				SWIFT_OPTIMIZATION_LEVEL = "-Onone";
				TARGETED_DEVICE_FAMILY = "1,2";
			};
			name = Debug;
		};
		73F40D8D1A987F4A0058B24D /* Release */ = {
			isa = XCBuildConfiguration;
			buildSettings = {
				ALWAYS_SEARCH_USER_PATHS = NO;
				CLANG_CXX_LANGUAGE_STANDARD = "gnu++0x";
				CLANG_CXX_LIBRARY = "libc++";
				CLANG_ENABLE_MODULES = YES;
				CLANG_ENABLE_OBJC_ARC = YES;
				CLANG_WARN_BOOL_CONVERSION = YES;
				CLANG_WARN_CONSTANT_CONVERSION = YES;
				CLANG_WARN_DIRECT_OBJC_ISA_USAGE = YES_ERROR;
				CLANG_WARN_EMPTY_BODY = YES;
				CLANG_WARN_ENUM_CONVERSION = YES;
				CLANG_WARN_INT_CONVERSION = YES;
				CLANG_WARN_OBJC_ROOT_CLASS = YES_ERROR;
				CLANG_WARN_UNREACHABLE_CODE = YES;
				CLANG_WARN__DUPLICATE_METHOD_MATCH = YES;
				"CODE_SIGN_IDENTITY[sdk=iphoneos*]" = "iPhone Developer";
				COPY_PHASE_STRIP = YES;
				ENABLE_NS_ASSERTIONS = NO;
				ENABLE_STRICT_OBJC_MSGSEND = YES;
				GCC_C_LANGUAGE_STANDARD = gnu99;
				GCC_WARN_64_TO_32_BIT_CONVERSION = YES;
				GCC_WARN_ABOUT_RETURN_TYPE = YES_ERROR;
				GCC_WARN_UNDECLARED_SELECTOR = YES;
				GCC_WARN_UNINITIALIZED_AUTOS = YES_AGGRESSIVE;
				GCC_WARN_UNUSED_FUNCTION = YES;
				GCC_WARN_UNUSED_VARIABLE = YES;
				IPHONEOS_DEPLOYMENT_TARGET = 8.1;
				MTL_ENABLE_DEBUG_INFO = NO;
				SDKROOT = iphoneos;
				TARGETED_DEVICE_FAMILY = "1,2";
				VALIDATE_PRODUCT = YES;
			};
			name = Release;
		};
		73F40D8F1A987F4A0058B24D /* Debug */ = {
			isa = XCBuildConfiguration;
			baseConfigurationReference = 0A7CDE2A38BDB72E57BC5E3B /* Pods.debug.xcconfig */;
			buildSettings = {
				ASSETCATALOG_COMPILER_APPICON_NAME = AppIcon;
				FRAMEWORK_SEARCH_PATHS = (
					"$(inherited)",
					/Users/stefangeir/Documents/FacebookSDK,
					"$(PROJECT_DIR)",
				);
				INFOPLIST_FILE = "Mjölnir/Info.plist";
				IPHONEOS_DEPLOYMENT_TARGET = 8.1;
				LD_RUNPATH_SEARCH_PATHS = "$(inherited) @executable_path/Frameworks";
				PRODUCT_NAME = "$(TARGET_NAME)";
				SWIFT_OBJC_BRIDGING_HEADER = "Mjölnir/Mjolnir-bridging-header.h";
			};
			name = Debug;
		};
		73F40D901A987F4A0058B24D /* Release */ = {
			isa = XCBuildConfiguration;
			baseConfigurationReference = 393DC75BB7D59FBBE5898D25 /* Pods.release.xcconfig */;
			buildSettings = {
				ASSETCATALOG_COMPILER_APPICON_NAME = AppIcon;
				FRAMEWORK_SEARCH_PATHS = (
					"$(inherited)",
					/Users/stefangeir/Documents/FacebookSDK,
					"$(PROJECT_DIR)",
				);
				INFOPLIST_FILE = "Mjölnir/Info.plist";
				IPHONEOS_DEPLOYMENT_TARGET = 8.1;
				LD_RUNPATH_SEARCH_PATHS = "$(inherited) @executable_path/Frameworks";
				PRODUCT_NAME = "$(TARGET_NAME)";
				SWIFT_OBJC_BRIDGING_HEADER = "Mjölnir/Mjolnir-bridging-header.h";
			};
			name = Release;
		};
		73F40D921A987F4A0058B24D /* Debug */ = {
			isa = XCBuildConfiguration;
			buildSettings = {
				BUNDLE_LOADER = "$(TEST_HOST)";
				FRAMEWORK_SEARCH_PATHS = (
					"$(SDKROOT)/Developer/Library/Frameworks",
					"$(inherited)",
				);
				GCC_PREPROCESSOR_DEFINITIONS = (
					"DEBUG=1",
					"$(inherited)",
				);
				INFOPLIST_FILE = "MjölnirTests/Info.plist";
				LD_RUNPATH_SEARCH_PATHS = "$(inherited) @executable_path/Frameworks @loader_path/Frameworks";
				PRODUCT_NAME = "$(TARGET_NAME)";
				TEST_HOST = "$(BUILT_PRODUCTS_DIR)/Mjölnir.app/Mjölnir";
			};
			name = Debug;
		};
		73F40D931A987F4A0058B24D /* Release */ = {
			isa = XCBuildConfiguration;
			buildSettings = {
				BUNDLE_LOADER = "$(TEST_HOST)";
				FRAMEWORK_SEARCH_PATHS = (
					"$(SDKROOT)/Developer/Library/Frameworks",
					"$(inherited)",
				);
				INFOPLIST_FILE = "MjölnirTests/Info.plist";
				LD_RUNPATH_SEARCH_PATHS = "$(inherited) @executable_path/Frameworks @loader_path/Frameworks";
				PRODUCT_NAME = "$(TARGET_NAME)";
				TEST_HOST = "$(BUILT_PRODUCTS_DIR)/Mjölnir.app/Mjölnir";
			};
			name = Release;
		};
/* End XCBuildConfiguration section */

/* Begin XCConfigurationList section */
		73F40D6A1A987F490058B24D /* Build configuration list for PBXProject "Mjölnir" */ = {
			isa = XCConfigurationList;
			buildConfigurations = (
				73F40D8C1A987F4A0058B24D /* Debug */,
				73F40D8D1A987F4A0058B24D /* Release */,
			);
			defaultConfigurationIsVisible = 0;
			defaultConfigurationName = Release;
		};
		73F40D8E1A987F4A0058B24D /* Build configuration list for PBXNativeTarget "Mjölnir" */ = {
			isa = XCConfigurationList;
			buildConfigurations = (
				73F40D8F1A987F4A0058B24D /* Debug */,
				73F40D901A987F4A0058B24D /* Release */,
			);
			defaultConfigurationIsVisible = 0;
			defaultConfigurationName = Release;
		};
		73F40D911A987F4A0058B24D /* Build configuration list for PBXNativeTarget "MjölnirTests" */ = {
			isa = XCConfigurationList;
			buildConfigurations = (
				73F40D921A987F4A0058B24D /* Debug */,
				73F40D931A987F4A0058B24D /* Release */,
			);
			defaultConfigurationIsVisible = 0;
			defaultConfigurationName = Release;
		};
/* End XCConfigurationList section */
	};
	rootObject = 73F40D671A987F490058B24D /* Project object */;
}
